
Microsoft Visual Studio Solution File, Format Version 12.00
# Visual Studio Version 17
VisualStudioVersion = 17.3.32922.545
MinimumVisualStudioVersion = 10.0.40219.1
Project("{8BC9CEB8-8B4A-11D0-8D11-00A0C91BC942}") = "BlackjackProject", "BlackjackProject\BlackjackProject.vcxproj", "{E92E217C-648A-4135-ADB4-6E8341543DFD}"
EndProject
Global
	GlobalSection(SolutionConfigurationPlatforms) = preSolution
		Debug|x64 = Debug|x64
		Debug|x86 = Debug|x86
		Release|x64 = Release|x64
		Release|x86 = Release|x86
	EndGlobalSection
	GlobalSection(ProjectConfigurationPlatforms) = postSolution
		{E92E217C-648A-4135-ADB4-6E8341543DFD}.Debug|x64.ActiveCfg = Debug|x64
		{E92E217C-648A-4135-ADB4-6E8341543DFD}.Debug|x64.Build.0 = Debug|x64
		{E92E217C-648A-4135-ADB4-6E8341543DFD}.Debug|x86.ActiveCfg = Debug|Win32
		{E92E217C-648A-4135-ADB4-6E8341543DFD}.Debug|x86.Build.0 = Debug|Win32
		{E92E217C-648A-4135-ADB4-6E8341543DFD}.Release|x64.ActiveCfg = Release|x64
		{E92E217C-648A-4135-ADB4-6E8341543DFD}.Release|x64.Build.0 = Release|x64
		{E92E217C-648A-4135-ADB4-6E8341543DFD}.Release|x86.ActiveCfg = Release|Win32
		{E92E217C-648A-4135-ADB4-6E8341543DFD}.Release|x86.Build.0 = Release|Win32
	EndGlobalSection
	GlobalSection(SolutionProperties) = preSolution
		HideSolutionNode = FALSE
	EndGlobalSection
	GlobalSection(ExtensibilityGlobals) = postSolution
		SolutionGuid = {1DCFF091-FEC2-4B7A-93F6-9D64B3246BE6}
	EndGlobalSection
EndGlobal
